
Microsoft Visual Studio Solution File, Format Version 12.00
# Visual Studio Version 17
VisualStudioVersion = 17.8.34511.84
MinimumVisualStudioVersion = 10.0.40219.1
Project("{9A19103F-16F7-4668-BE54-9A1E7A4F7556}") = "TripAppBackend", "TripAppBackend\TripAppBackend.csproj", "{F5EAF58B-5EBE-4628-874A-9D3C1A348CE8}"
EndProject
Global
	GlobalSection(SolutionConfigurationPlatforms) = preSolution
		Debug|Any CPU = Debug|Any CPU
		Release|Any CPU = Release|Any CPU
	EndGlobalSection
	GlobalSection(ProjectConfigurationPlatforms) = postSolution
		{F5EAF58B-5EBE-4628-874A-9D3C1A348CE8}.Debug|Any CPU.ActiveCfg = Debug|Any CPU
		{F5EAF58B-5EBE-4628-874A-9D3C1A348CE8}.Debug|Any CPU.Build.0 = Debug|Any CPU
		{F5EAF58B-5EBE-4628-874A-9D3C1A348CE8}.Release|Any CPU.ActiveCfg = Release|Any CPU
		{F5EAF58B-5EBE-4628-874A-9D3C1A348CE8}.Release|Any CPU.Build.0 = Release|Any CPU
	EndGlobalSection
	GlobalSection(SolutionProperties) = preSolution
		HideSolutionNode = FALSE
	EndGlobalSection
	GlobalSection(ExtensibilityGlobals) = postSolution
		SolutionGuid = {60A8C5A7-DA5E-4FD2-A893-E1F3D07FC7C4}
	EndGlobalSection
EndGlobal
